
Microsoft Visual Studio Solution File, Format Version 12.00
# Visual Studio Version 17
VisualStudioVersion = 17.3.32901.215
MinimumVisualStudioVersion = 10.0.40219.1
Project("{FAE04EC0-301F-11D3-BF4B-00C04F79EFBC}") = "UsersWithObjects", "UsersWithObjects.csproj", "{CBFA370D-89FC-4946-B13B-CD523438390E}"
EndProject
Global
	GlobalSection(SolutionConfigurationPlatforms) = preSolution
		Debug|Any CPU = Debug|Any CPU
		Release|Any CPU = Release|Any CPU
	EndGlobalSection
	GlobalSection(ProjectConfigurationPlatforms) = postSolution
		{CBFA370D-89FC-4946-B13B-CD523438390E}.Debug|Any CPU.ActiveCfg = Debug|Any CPU
		{CBFA370D-89FC-4946-B13B-CD523438390E}.Debug|Any CPU.Build.0 = Debug|Any CPU
		{CBFA370D-89FC-4946-B13B-CD523438390E}.Release|Any CPU.ActiveCfg = Release|Any CPU
		{CBFA370D-89FC-4946-B13B-CD523438390E}.Release|Any CPU.Build.0 = Release|Any CPU
	EndGlobalSection
	GlobalSection(SolutionProperties) = preSolution
		HideSolutionNode = FALSE
	EndGlobalSection
	GlobalSection(ExtensibilityGlobals) = postSolution
		SolutionGuid = {07E8D12D-2A49-4889-AA1A-C93054B17711}
	EndGlobalSection
EndGlobal
